
Microsoft Visual Studio Solution File, Format Version 12.00
# Visual Studio Version 17
VisualStudioVersion = 17.0.32112.339
MinimumVisualStudioVersion = 10.0.40219.1
Project("{9A19103F-16F7-4668-BE54-9A1E7A4F7556}") = "MetricsManager", "MetricsManager\MetricsManager.csproj", "{18326D91-4607-4B53-BBD1-B19E8C4EB615}"
EndProject
Project("{9A19103F-16F7-4668-BE54-9A1E7A4F7556}") = "MetricsManagerTests", "MetricsManagerTests\MetricsManagerTests.csproj", "{DB806EE5-AABD-434B-BF24-465C9F076098}"
EndProject
Project("{9A19103F-16F7-4668-BE54-9A1E7A4F7556}") = "MetricsAgent", "MetricsAgent\MetricsAgent.csproj", "{AB30E5E1-078A-4341-A17E-B4871286548F}"
EndProject
Project("{9A19103F-16F7-4668-BE54-9A1E7A4F7556}") = "Metrics.Data", "Metrics.Data\Metrics.Data.csproj", "{07182FD7-4329-4CEB-8461-6D48C156CFFB}"
EndProject
Project("{9A19103F-16F7-4668-BE54-9A1E7A4F7556}") = "MetricsAgentTests", "MetricsAgentTests\MetricsAgentTests.csproj", "{608A5A88-6283-41D3-A529-800A794E2672}"
EndProject
Project("{FAE04EC0-301F-11D3-BF4B-00C04F79EFBC}") = "MetricsMauiClient", "MetricsMauiClient\MetricsMauiClient.csproj", "{B72C35A5-9EAC-4221-82E9-744707E4429E}"
EndProject
Global
	GlobalSection(SolutionConfigurationPlatforms) = preSolution
		Debug|Any CPU = Debug|Any CPU
		Release|Any CPU = Release|Any CPU
	EndGlobalSection
	GlobalSection(ProjectConfigurationPlatforms) = postSolution
		{18326D91-4607-4B53-BBD1-B19E8C4EB615}.Debug|Any CPU.ActiveCfg = Debug|Any CPU
		{18326D91-4607-4B53-BBD1-B19E8C4EB615}.Debug|Any CPU.Build.0 = Debug|Any CPU
		{18326D91-4607-4B53-BBD1-B19E8C4EB615}.Release|Any CPU.ActiveCfg = Release|Any CPU
		{18326D91-4607-4B53-BBD1-B19E8C4EB615}.Release|Any CPU.Build.0 = Release|Any CPU
		{DB806EE5-AABD-434B-BF24-465C9F076098}.Debug|Any CPU.ActiveCfg = Debug|Any CPU
		{DB806EE5-AABD-434B-BF24-465C9F076098}.Debug|Any CPU.Build.0 = Debug|Any CPU
		{DB806EE5-AABD-434B-BF24-465C9F076098}.Release|Any CPU.ActiveCfg = Release|Any CPU
		{DB806EE5-AABD-434B-BF24-465C9F076098}.Release|Any CPU.Build.0 = Release|Any CPU
		{AB30E5E1-078A-4341-A17E-B4871286548F}.Debug|Any CPU.ActiveCfg = Debug|Any CPU
		{AB30E5E1-078A-4341-A17E-B4871286548F}.Debug|Any CPU.Build.0 = Debug|Any CPU
		{AB30E5E1-078A-4341-A17E-B4871286548F}.Release|Any CPU.ActiveCfg = Release|Any CPU
		{AB30E5E1-078A-4341-A17E-B4871286548F}.Release|Any CPU.Build.0 = Release|Any CPU
		{07182FD7-4329-4CEB-8461-6D48C156CFFB}.Debug|Any CPU.ActiveCfg = Debug|Any CPU
		{07182FD7-4329-4CEB-8461-6D48C156CFFB}.Debug|Any CPU.Build.0 = Debug|Any CPU
		{07182FD7-4329-4CEB-8461-6D48C156CFFB}.Release|Any CPU.ActiveCfg = Release|Any CPU
		{07182FD7-4329-4CEB-8461-6D48C156CFFB}.Release|Any CPU.Build.0 = Release|Any CPU
		{608A5A88-6283-41D3-A529-800A794E2672}.Debug|Any CPU.ActiveCfg = Debug|Any CPU
		{608A5A88-6283-41D3-A529-800A794E2672}.Debug|Any CPU.Build.0 = Debug|Any CPU
		{608A5A88-6283-41D3-A529-800A794E2672}.Release|Any CPU.ActiveCfg = Release|Any CPU
		{608A5A88-6283-41D3-A529-800A794E2672}.Release|Any CPU.Build.0 = Release|Any CPU
		{B72C35A5-9EAC-4221-82E9-744707E4429E}.Debug|Any CPU.ActiveCfg = Debug|Any CPU
		{B72C35A5-9EAC-4221-82E9-744707E4429E}.Debug|Any CPU.Build.0 = Debug|Any CPU
		{B72C35A5-9EAC-4221-82E9-744707E4429E}.Debug|Any CPU.Deploy.0 = Debug|Any CPU
		{B72C35A5-9EAC-4221-82E9-744707E4429E}.Release|Any CPU.ActiveCfg = Release|Any CPU
		{B72C35A5-9EAC-4221-82E9-744707E4429E}.Release|Any CPU.Build.0 = Release|Any CPU
		{B72C35A5-9EAC-4221-82E9-744707E4429E}.Release|Any CPU.Deploy.0 = Release|Any CPU
	EndGlobalSection
	GlobalSection(SolutionProperties) = preSolution
		HideSolutionNode = FALSE
	EndGlobalSection
	GlobalSection(ExtensibilityGlobals) = postSolution
		SolutionGuid = {BF696B69-0B7B-4F90-8BC4-8C771FC60BEA}
	EndGlobalSection
EndGlobal
