
Microsoft Visual Studio Solution File, Format Version 12.00
# Visual Studio Version 16
VisualStudioVersion = 16.0.31613.86
MinimumVisualStudioVersion = 10.0.40219.1
Project("{FAE04EC0-301F-11D3-BF4B-00C04F79EFBC}") = "MetricsManager", "MetricsManager\MetricsManager.csproj", "{956B7B22-90E7-478F-B402-23A0AD344FB6}"
EndProject
Global
	GlobalSection(SolutionConfigurationPlatforms) = preSolution
		Debug|Any CPU = Debug|Any CPU
		Release|Any CPU = Release|Any CPU
	EndGlobalSection
	GlobalSection(ProjectConfigurationPlatforms) = postSolution
		{956B7B22-90E7-478F-B402-23A0AD344FB6}.Debug|Any CPU.ActiveCfg = Debug|Any CPU
		{956B7B22-90E7-478F-B402-23A0AD344FB6}.Debug|Any CPU.Build.0 = Debug|Any CPU
		{956B7B22-90E7-478F-B402-23A0AD344FB6}.Release|Any CPU.ActiveCfg = Release|Any CPU
		{956B7B22-90E7-478F-B402-23A0AD344FB6}.Release|Any CPU.Build.0 = Release|Any CPU
	EndGlobalSection
	GlobalSection(SolutionProperties) = preSolution
		HideSolutionNode = FALSE
	EndGlobalSection
	GlobalSection(ExtensibilityGlobals) = postSolution
		SolutionGuid = {FE7DEFF5-3C22-40AE-8A7B-91DB0D1CAABC}
	EndGlobalSection
EndGlobal
